
Microsoft Visual Studio Solution File, Format Version 10.00
# Visual Studio 2008
Project("{8BC9CEB8-8B4A-11D0-8D11-00A0C91BC942}") = "engin3d", "engin3d.vcproj", "{4EA6B42C-BFAE-4B35-8238-83F3581A8D44}"
	ProjectSection(ProjectDependencies) = postProject
		{9CC704CB-4956-4479-BDEC-57CBC03F700E} = {9CC704CB-4956-4479-BDEC-57CBC03F700E}
		{EED48AF6-8D95-414F-BC4A-B26C48646D7A} = {EED48AF6-8D95-414F-BC4A-B26C48646D7A}
	EndProjectSection
EndProject
Project("{8BC9CEB8-8B4A-11D0-8D11-00A0C91BC942}") = "OIS", "src\Input\ois\Win32\OIS_vc8.vcproj", "{9CC704CB-4956-4479-BDEC-57CBC03F700E}"
EndProject
Project("{8BC9CEB8-8B4A-11D0-8D11-00A0C91BC942}") = "Cal3D", "src\Graphics\Skeletal\cal3d\cal3d.vcproj", "{EED48AF6-8D95-414F-BC4A-B26C48646D7A}"
EndProject
Global
	GlobalSection(SolutionConfigurationPlatforms) = preSolution
		Debug|Win32 = Debug|Win32
		Release|Win32 = Release|Win32
	EndGlobalSection
	GlobalSection(ProjectConfigurationPlatforms) = postSolution
		{4EA6B42C-BFAE-4B35-8238-83F3581A8D44}.Debug|Win32.ActiveCfg = Debug|Win32
		{4EA6B42C-BFAE-4B35-8238-83F3581A8D44}.Debug|Win32.Build.0 = Debug|Win32
		{4EA6B42C-BFAE-4B35-8238-83F3581A8D44}.Release|Win32.ActiveCfg = Release|Win32
		{4EA6B42C-BFAE-4B35-8238-83F3581A8D44}.Release|Win32.Build.0 = Release|Win32
		{9CC704CB-4956-4479-BDEC-57CBC03F700E}.Debug|Win32.ActiveCfg = Debug|Win32
		{9CC704CB-4956-4479-BDEC-57CBC03F700E}.Debug|Win32.Build.0 = Debug|Win32
		{9CC704CB-4956-4479-BDEC-57CBC03F700E}.Release|Win32.ActiveCfg = Release|Win32
		{9CC704CB-4956-4479-BDEC-57CBC03F700E}.Release|Win32.Build.0 = Release|Win32
		{EED48AF6-8D95-414F-BC4A-B26C48646D7A}.Debug|Win32.ActiveCfg = Debug|Win32
		{EED48AF6-8D95-414F-BC4A-B26C48646D7A}.Debug|Win32.Build.0 = Debug|Win32
		{EED48AF6-8D95-414F-BC4A-B26C48646D7A}.Release|Win32.ActiveCfg = Release|Win32
		{EED48AF6-8D95-414F-BC4A-B26C48646D7A}.Release|Win32.Build.0 = Release|Win32
	EndGlobalSection
	GlobalSection(SolutionProperties) = preSolution
		HideSolutionNode = FALSE
	EndGlobalSection
EndGlobal
